
Microsoft Visual Studio Solution File, Format Version 12.00
# Visual Studio Version 16
VisualStudioVersion = 16.0.30413.136
MinimumVisualStudioVersion = 10.0.40219.1
Project("{FAE04EC0-301F-11D3-BF4B-00C04F79EFBC}") = "Landlord.API", "Landlord.API\Landlord.API.csproj", "{C1F07C5A-E329-4D12-99F7-11FF41B1EDC1}"
EndProject
Project("{FAE04EC0-301F-11D3-BF4B-00C04F79EFBC}") = "Landlord.SRC", "Landlord.SRC\Landlord.SRC.csproj", "{ADC268AA-14FF-4F1A-9031-B644B225804F}"
EndProject
Project("{2150E333-8FDC-42A3-9474-1A3956D46DE8}") = "Solution Items", "Solution Items", "{0A4C4767-CF03-4EB6-A550-EF0D59C6A22A}"
	ProjectSection(SolutionItems) = preProject
		README.md = README.md
	EndProjectSection
EndProject
Global
	GlobalSection(SolutionConfigurationPlatforms) = preSolution
		Debug|Any CPU = Debug|Any CPU
		Release|Any CPU = Release|Any CPU
	EndGlobalSection
	GlobalSection(ProjectConfigurationPlatforms) = postSolution
		{C1F07C5A-E329-4D12-99F7-11FF41B1EDC1}.Debug|Any CPU.ActiveCfg = Debug|Any CPU
		{C1F07C5A-E329-4D12-99F7-11FF41B1EDC1}.Debug|Any CPU.Build.0 = Debug|Any CPU
		{C1F07C5A-E329-4D12-99F7-11FF41B1EDC1}.Release|Any CPU.ActiveCfg = Release|Any CPU
		{C1F07C5A-E329-4D12-99F7-11FF41B1EDC1}.Release|Any CPU.Build.0 = Release|Any CPU
		{ADC268AA-14FF-4F1A-9031-B644B225804F}.Debug|Any CPU.ActiveCfg = Debug|Any CPU
		{ADC268AA-14FF-4F1A-9031-B644B225804F}.Debug|Any CPU.Build.0 = Debug|Any CPU
		{ADC268AA-14FF-4F1A-9031-B644B225804F}.Release|Any CPU.ActiveCfg = Release|Any CPU
		{ADC268AA-14FF-4F1A-9031-B644B225804F}.Release|Any CPU.Build.0 = Release|Any CPU
	EndGlobalSection
	GlobalSection(SolutionProperties) = preSolution
		HideSolutionNode = FALSE
	EndGlobalSection
	GlobalSection(ExtensibilityGlobals) = postSolution
		SolutionGuid = {F040CF71-12FC-4EB6-8A8D-A54364C11CE7}
	EndGlobalSection
EndGlobal
